[[dependencies]]
name = "cross-chain-swap"
version = "1"
git = "https://github.com/1inch/cross-chain-swap.git"
rev = "16d366f4ab33684576a503c92a603482f548c9c0"

[[dependencies]]
name = "limit-order-protocol"
version = "4.3.2"
git = "https://github.com/1inch/limit-order-protocol"
rev = "b655e74665559450ebf3500c2149b805db8ee229"

[[dependencies]]
name = "limit-order-settlement"
version = "1"
git = "https://github.com/1inch/limit-order-settlement"
rev = "cb66919fa3bdb54631b22265c2fa77501e480b54"

[[dependencies]]
name = "murky"
version = "1"
git = "https://github.com/dmfxyz/murky"
rev = "991e371eb1dfa9f86701869eb08ec4e98c3cc0b0"

[[dependencies]]
name = "openzepplin-contracts"
version = "1"
git = "https://github.com/OpenZeppelin/openzeppelin-contracts"
rev = "6f4ebf11901a5a03d9f8aed3f59187d55b301ab8"

[[dependencies]]
name = "solidity-utils"
version = "1"
git = "https://github.com/1inch/solidity-utils"
rev = "94611cc4ddb6c7c55f9d20f3093074ecca5440ba"
